
Microsoft Visual Studio Solution File, Format Version 12.00
# Visual Studio Version 17
VisualStudioVersion = 17.6.33829.357
MinimumVisualStudioVersion = 10.0.40219.1
Project("{FAE04EC0-301F-11D3-BF4B-00C04F79EFBC}") = "Csharp_hinhtron", "Csharp_hinhtron.csproj", "{210C927D-FAB0-427B-B253-96F45BC2A306}"
EndProject
Global
	GlobalSection(SolutionConfigurationPlatforms) = preSolution
		Debug|Any CPU = Debug|Any CPU
		Release|Any CPU = Release|Any CPU
	EndGlobalSection
	GlobalSection(ProjectConfigurationPlatforms) = postSolution
		{210C927D-FAB0-427B-B253-96F45BC2A306}.Debug|Any CPU.ActiveCfg = Debug|Any CPU
		{210C927D-FAB0-427B-B253-96F45BC2A306}.Debug|Any CPU.Build.0 = Debug|Any CPU
		{210C927D-FAB0-427B-B253-96F45BC2A306}.Release|Any CPU.ActiveCfg = Release|Any CPU
		{210C927D-FAB0-427B-B253-96F45BC2A306}.Release|Any CPU.Build.0 = Release|Any CPU
	EndGlobalSection
	GlobalSection(SolutionProperties) = preSolution
		HideSolutionNode = FALSE
	EndGlobalSection
	GlobalSection(ExtensibilityGlobals) = postSolution
		SolutionGuid = {36CFC016-87C6-4207-8D39-3B7B9899DF9F}
	EndGlobalSection
EndGlobal
